{
  "version": 4,
  "terraform_version": "1.10.5",
  "serial": 21,
  "lineage": "ea200f55-b991-337d-150c-5150ed9f8cfa",
  "outputs": {
    "nextcloud-ip": {
      "value": "89.169.146.244",
      "type": "string"
    }
  },
  "resources": [
    {
      "mode": "data",
      "type": "yandex_compute_image",
      "name": "ubuntu",
      "provider": "provider[\"registry.terraform.io/yandex-cloud/yandex\"]",
      "instances": [
        {
          "schema_version": 0,
          "attributes": {
            "created_at": "2025-02-10T11:02:35Z",
            "description": "Ubuntu 24.04 OsLogin",
            "family": "ubuntu-2404-lts-oslogin",
            "folder_id": "standard-images",
            "hardware_generation": [
              {
                "generation2_features": [],
                "legacy_features": [
                  {
                    "pci_topology": "PCI_TOPOLOGY_V1"
                  }
                ]
              }
            ],
            "id": "fd85hkli5dp6as39ali4",
            "image_id": "fd85hkli5dp6as39ali4",
            "kms_key_id": null,
            "labels": {},
            "min_disk_size": 10,
            "name": "ubuntu-2404-lts-oslogin-v20250210",
            "os_type": "linux",
            "pooled": true,
            "product_ids": [
              "f2en8vggsflg7g3cgruu"
            ],
            "size": 5,
            "status": "ready"
          },
          "sensitive_attributes": []
        }
      ]
    },
    {
      "mode": "managed",
      "type": "yandex_compute_disk",
      "name": "boot-disk",
      "provider": "provider[\"registry.terraform.io/yandex-cloud/yandex\"]",
      "instances": [
        {
          "schema_version": 0,
          "attributes": {
            "allow_recreate": null,
            "block_size": 4096,
            "created_at": "2025-02-16T12:16:14Z",
            "description": "",
            "disk_placement_policy": [
              {
                "disk_placement_group_id": ""
              }
            ],
            "folder_id": "b1grtfs0t93f0mgmge7u",
            "hardware_generation": [
              {
                "generation2_features": [],
                "legacy_features": [
                  {
                    "pci_topology": "PCI_TOPOLOGY_V1"
                  }
                ]
              }
            ],
            "id": "fhmhpeltc0mvclsesba2",
            "image_id": "fd85hkli5dp6as39ali4",
            "kms_key_id": null,
            "labels": null,
            "name": "vvot19-boot-disk",
            "product_ids": [
              "f2en8vggsflg7g3cgruu"
            ],
            "size": 20,
            "snapshot_id": "",
            "status": "ready",
            "timeouts": null,
            "type": "network-ssd",
            "zone": "ru-central1-a"
          },
          "sensitive_attributes": [],
          "private": "eyJlMmJmYjczMC1lY2FhLTExZTYtOGY4OC0zNDM2M2JjN2M0YzAiOnsiY3JlYXRlIjozMDAwMDAwMDAwMDAsImRlbGV0ZSI6MzAwMDAwMDAwMDAwLCJ1cGRhdGUiOjMwMDAwMDAwMDAwMH19",
          "dependencies": [
            "data.yandex_compute_image.ubuntu"
          ]
        }
      ]
    },
    {
      "mode": "managed",
      "type": "yandex_compute_instance",
      "name": "server",
      "provider": "provider[\"registry.terraform.io/yandex-cloud/yandex\"]",
      "instances": [
        {
          "schema_version": 1,
          "attributes": {
            "allow_recreate": null,
            "allow_stopping_for_update": null,
            "boot_disk": [
              {
                "auto_delete": true,
                "device_name": "fhmhpeltc0mvclsesba2",
                "disk_id": "fhmhpeltc0mvclsesba2",
                "initialize_params": [
                  {
                    "block_size": 4096,
                    "description": "",
                    "image_id": "fd85hkli5dp6as39ali4",
                    "kms_key_id": "",
                    "name": "vvot19-boot-disk",
                    "size": 20,
                    "snapshot_id": "",
                    "type": "network-ssd"
                  }
                ],
                "mode": "READ_WRITE"
              }
            ],
            "created_at": "2025-02-16T12:16:24Z",
            "description": "",
            "filesystem": [],
            "folder_id": "b1grtfs0t93f0mgmge7u",
            "fqdn": "nextcloud.ru-central1.internal",
            "gpu_cluster_id": "",
            "hardware_generation": [
              {
                "generation2_features": [],
                "legacy_features": [
                  {
                    "pci_topology": "PCI_TOPOLOGY_V1"
                  }
                ]
              }
            ],
            "hostname": "nextcloud",
            "id": "fhmt82lcnks2alqrq9dg",
            "labels": null,
            "local_disk": [],
            "maintenance_grace_period": "",
            "maintenance_policy": null,
            "metadata": {
              "ssh-keys": "ubuntu:ssh-rsa AAAAB3NzaC1yc2EAAAADAQABAAABgQDaCpHp7roQS1NvUaleyjE8eXx5Ks9K5dvwfoSF1B5OL/GE1+105nhuQEyJkh3QD/vRm8ao6ZUKNxrOGvSPfCS4QUgMQTmfrAQ14Y6Z/96jwVjJtwgQHNQEj1RV9AkVEQiVSr0M7FgNSFyZjxB2m+EAXi77W0QmLVm4oy2W4SaZAcWuCw4hditug9+19ERwpZf4Cdu3keauQavPl7lzU/gFechRpanp6dYckhlD6KOPtkMN1CA6zfL+pjZX5K8voQZYW4ivQVFYZvJCS3jdza6v0TRbGhJL0oe00iLeqQeA619+458fbQhtxuKkdoi3TMPYtsiSwvrl1Sa006P3O6+JMTt9EuLnY2PrIM7ZS39iaurbuwm4UcI9xq1Ba2SbCcAXyUQD4eUs8KXgw2N/f05jsfZvVDs6bYPVzr4lX2heB0owIRRRqTt85r8ej+bYaEuCnIzxsuPNhGH0aYxpJVvp4H5Dq119H4BgHf041fjiut1bDAkSQDSa7i7nmWWdxbs= first ssh key\n"
            },
            "metadata_options": [
              {
                "aws_v1_http_endpoint": 1,
                "aws_v1_http_token": 2,
                "gce_http_endpoint": 1,
                "gce_http_token": 1
              }
            ],
            "name": "vvot19-server-nextcloud",
            "network_acceleration_type": "standard",
            "network_interface": [
              {
                "dns_record": [],
                "index": 0,
                "ip_address": "192.168.10.10",
                "ipv4": true,
                "ipv6": false,
                "ipv6_address": "",
                "ipv6_dns_record": [],
                "mac_address": "d0:0d:1d:40:aa:cb",
                "nat": true,
                "nat_dns_record": [],
                "nat_ip_address": "89.169.146.244",
                "nat_ip_version": "IPV4",
                "security_group_ids": [],
                "subnet_id": "e9b9vc555bur3jbbobpl"
              }
            ],
            "placement_policy": [
              {
                "host_affinity_rules": [],
                "placement_group_id": "",
                "placement_group_partition": 0
              }
            ],
            "platform_id": "standard-v3",
            "resources": [
              {
                "core_fraction": 20,
                "cores": 2,
                "gpus": 0,
                "memory": 4
              }
            ],
            "scheduling_policy": [
              {
                "preemptible": false
              }
            ],
            "secondary_disk": [],
            "service_account_id": "",
            "status": "running",
            "timeouts": null,
            "zone": "ru-central1-a"
          },
          "sensitive_attributes": [],
          "private": "eyJlMmJmYjczMC1lY2FhLTExZTYtOGY4OC0zNDM2M2JjN2M0YzAiOnsiY3JlYXRlIjozMDAwMDAwMDAwMDAsImRlbGV0ZSI6MzAwMDAwMDAwMDAwLCJ1cGRhdGUiOjMwMDAwMDAwMDAwMH0sInNjaGVtYV92ZXJzaW9uIjoiMSJ9",
          "dependencies": [
            "data.yandex_compute_image.ubuntu",
            "yandex_compute_disk.boot-disk",
            "yandex_vpc_network.network",
            "yandex_vpc_subnet.subnet"
          ]
        }
      ]
    },
    {
      "mode": "managed",
      "type": "yandex_vpc_network",
      "name": "network",
      "provider": "provider[\"registry.terraform.io/yandex-cloud/yandex\"]",
      "instances": [
        {
          "schema_version": 0,
          "attributes": {
            "created_at": "2025-02-16T12:16:14Z",
            "default_security_group_id": "enp8m5k8264tmo0u4chc",
            "description": "",
            "folder_id": "b1grtfs0t93f0mgmge7u",
            "id": "enp3lnp2sb8u7ggsagim",
            "labels": {},
            "name": "vvot19-nextcloud-network",
            "subnet_ids": [],
            "timeouts": null
          },
          "sensitive_attributes": [],
          "private": "eyJlMmJmYjczMC1lY2FhLTExZTYtOGY4OC0zNDM2M2JjN2M0YzAiOnsiY3JlYXRlIjo2MDAwMDAwMDAwMCwiZGVsZXRlIjo2MDAwMDAwMDAwMCwidXBkYXRlIjo2MDAwMDAwMDAwMH19"
        }
      ]
    },
    {
      "mode": "managed",
      "type": "yandex_vpc_subnet",
      "name": "subnet",
      "provider": "provider[\"registry.terraform.io/yandex-cloud/yandex\"]",
      "instances": [
        {
          "schema_version": 0,
          "attributes": {
            "created_at": "2025-02-16T12:16:16Z",
            "description": "",
            "dhcp_options": [],
            "folder_id": "b1grtfs0t93f0mgmge7u",
            "id": "e9b9vc555bur3jbbobpl",
            "labels": {},
            "name": "vvot19-nextcloud-subnet",
            "network_id": "enp3lnp2sb8u7ggsagim",
            "route_table_id": "",
            "timeouts": null,
            "v4_cidr_blocks": [
              "192.168.10.0/24"
            ],
            "v6_cidr_blocks": [],
            "zone": "ru-central1-a"
          },
          "sensitive_attributes": [],
          "private": "eyJlMmJmYjczMC1lY2FhLTExZTYtOGY4OC0zNDM2M2JjN2M0YzAiOnsiY3JlYXRlIjoxODAwMDAwMDAwMDAsImRlbGV0ZSI6MTgwMDAwMDAwMDAwLCJ1cGRhdGUiOjE4MDAwMDAwMDAwMH19",
          "dependencies": [
            "yandex_vpc_network.network"
          ]
        }
      ]
    }
  ],
  "check_results": null
}
